
Microsoft Visual Studio Solution File, Format Version 12.00
# Visual Studio 15
VisualStudioVersion = 15.0.26730.12
MinimumVisualStudioVersion = 10.0.40219.1
Project("{FAE04EC0-301F-11D3-BF4B-00C04F79EFBC}") = "SureSafety", "SureSafety\SureSafety.csproj", "{AB8F235A-93F7-4222-B7C6-A7C1D1978AB8}"
EndProject
Project("{FAE04EC0-301F-11D3-BF4B-00C04F79EFBC}") = "SureSafety.Tests", "SureSafety.Tests\SureSafety.Tests.csproj", "{9C86BE74-C55E-4F7D-B4CB-E2FBAED36AFD}"
EndProject
Global
	GlobalSection(SolutionConfigurationPlatforms) = preSolution
		Debug|Any CPU = Debug|Any CPU
		Release|Any CPU = Release|Any CPU
	EndGlobalSection
	GlobalSection(ProjectConfigurationPlatforms) = postSolution
		{AB8F235A-93F7-4222-B7C6-A7C1D1978AB8}.Debug|Any CPU.ActiveCfg = Debug|Any CPU
		{AB8F235A-93F7-4222-B7C6-A7C1D1978AB8}.Debug|Any CPU.Build.0 = Debug|Any CPU
		{AB8F235A-93F7-4222-B7C6-A7C1D1978AB8}.Release|Any CPU.ActiveCfg = Release|Any CPU
		{AB8F235A-93F7-4222-B7C6-A7C1D1978AB8}.Release|Any CPU.Build.0 = Release|Any CPU
		{9C86BE74-C55E-4F7D-B4CB-E2FBAED36AFD}.Debug|Any CPU.ActiveCfg = Debug|Any CPU
		{9C86BE74-C55E-4F7D-B4CB-E2FBAED36AFD}.Debug|Any CPU.Build.0 = Debug|Any CPU
		{9C86BE74-C55E-4F7D-B4CB-E2FBAED36AFD}.Release|Any CPU.ActiveCfg = Release|Any CPU
		{9C86BE74-C55E-4F7D-B4CB-E2FBAED36AFD}.Release|Any CPU.Build.0 = Release|Any CPU
	EndGlobalSection
	GlobalSection(SolutionProperties) = preSolution
		HideSolutionNode = FALSE
	EndGlobalSection
	GlobalSection(ExtensibilityGlobals) = postSolution
		SolutionGuid = {9C86AC88-3F14-449C-ABBF-BA74103E4E04}
	EndGlobalSection
EndGlobal
